
Microsoft Visual Studio Solution File, Format Version 12.00
# Visual Studio Version 16
VisualStudioVersion = 16.0.31229.75
MinimumVisualStudioVersion = 10.0.40219.1
Project("{FAE04EC0-301F-11D3-BF4B-00C04F79EFBC}") = "NLogWPFViewer", "NLogWPFViewer\NLogWPFViewer.csproj", "{1CBF3081-D99C-406C-9BD5-9F202E8C7965}"
EndProject
Global
	GlobalSection(SolutionConfigurationPlatforms) = preSolution
		Debug|Any CPU = Debug|Any CPU
		Debug|x64 = Debug|x64
		Release|Any CPU = Release|Any CPU
		Release|x64 = Release|x64
	EndGlobalSection
	GlobalSection(ProjectConfigurationPlatforms) = postSolution
		{1CBF3081-D99C-406C-9BD5-9F202E8C7965}.Debug|Any CPU.ActiveCfg = Debug|Any CPU
		{1CBF3081-D99C-406C-9BD5-9F202E8C7965}.Debug|Any CPU.Build.0 = Debug|Any CPU
		{1CBF3081-D99C-406C-9BD5-9F202E8C7965}.Debug|x64.ActiveCfg = Debug|x64
		{1CBF3081-D99C-406C-9BD5-9F202E8C7965}.Debug|x64.Build.0 = Debug|x64
		{1CBF3081-D99C-406C-9BD5-9F202E8C7965}.Release|Any CPU.ActiveCfg = Release|Any CPU
		{1CBF3081-D99C-406C-9BD5-9F202E8C7965}.Release|Any CPU.Build.0 = Release|Any CPU
		{1CBF3081-D99C-406C-9BD5-9F202E8C7965}.Release|x64.ActiveCfg = Release|x64
		{1CBF3081-D99C-406C-9BD5-9F202E8C7965}.Release|x64.Build.0 = Release|x64
	EndGlobalSection
	GlobalSection(SolutionProperties) = preSolution
		HideSolutionNode = FALSE
	EndGlobalSection
	GlobalSection(ExtensibilityGlobals) = postSolution
		SolutionGuid = {595010FC-B746-41B3-8704-27C66BE6E25B}
	EndGlobalSection
EndGlobal
